{
    "version": 3,
    "terraform_version": "0.11.10",
    "serial": 24,
    "lineage": "01b5769d-0a5b-f8d4-4f6e-c2b2b9090f7b",
    "modules": [
        {
            "path": [
                "root"
            ],
            "outputs": {
                "ami": {
                    "sensitive": false,
                    "type": "string",
                    "value": "ami-5026902d"
                },
                "ip": {
                    "sensitive": false,
                    "type": "string",
                    "value": "52.47.56.238"
                }
            },
            "resources": {
                "aws_eip.ip": {
                    "type": "aws_eip",
                    "depends_on": [
                        "aws_instance.test"
                    ],
                    "primary": {
                        "id": "eipalloc-0c0b754cda2f29a9e",
                        "attributes": {
                            "association_id": "eipassoc-02b65b88571022336",
                            "domain": "vpc",
                            "id": "eipalloc-0c0b754cda2f29a9e",
                            "instance": "i-0022b80dd5e80929f",
                            "network_interface": "eni-0b14e2c5bd22afcf3",
                            "private_ip": "172.31.43.20",
                            "public_ip": "52.47.56.238",
                            "tags.%": "0",
                            "vpc": "true"
                        },
                        "meta": {
                            "e2bfb730-ecaa-11e6-8f88-34363bc7c4c0": {
                                "delete": 180000000000,
                                "read": 900000000000,
                                "update": 300000000000
                            }
                        },
                        "tainted": false
                    },
                    "deposed": [],
                    "provider": "provider.aws"
                },
                "aws_instance.test": {
                    "type": "aws_instance",
                    "depends_on": [],
                    "primary": {
                        "id": "i-0022b80dd5e80929f",
                        "attributes": {
                            "ami": "ami-5026902d",
                            "arn": "arn:aws:ec2:eu-west-3:555128801440:instance/i-0022b80dd5e80929f",
                            "associate_public_ip_address": "true",
                            "availability_zone": "eu-west-3c",
                            "cpu_core_count": "1",
                            "cpu_threads_per_core": "1",
                            "credit_specification.#": "1",
                            "credit_specification.0.cpu_credits": "standard",
                            "disable_api_termination": "false",
                            "ebs_block_device.#": "0",
                            "ebs_optimized": "false",
                            "ephemeral_block_device.#": "0",
                            "get_password_data": "false",
                            "iam_instance_profile": "",
                            "id": "i-0022b80dd5e80929f",
                            "instance_state": "running",
                            "instance_type": "t2.micro",
                            "ipv6_addresses.#": "0",
                            "key_name": "",
                            "monitoring": "false",
                            "network_interface.#": "0",
                            "network_interface_id": "eni-0b14e2c5bd22afcf3",
                            "password_data": "",
                            "placement_group": "",
                            "primary_network_interface_id": "eni-0b14e2c5bd22afcf3",
                            "private_dns": "ip-172-31-43-20.eu-west-3.compute.internal",
                            "private_ip": "172.31.43.20",
                            "public_dns": "ec2-52-47-119-143.eu-west-3.compute.amazonaws.com",
                            "public_ip": "52.47.119.143",
                            "root_block_device.#": "1",
                            "root_block_device.0.delete_on_termination": "true",
                            "root_block_device.0.iops": "100",
                            "root_block_device.0.volume_id": "vol-0f1582a8959771396",
                            "root_block_device.0.volume_size": "10",
                            "root_block_device.0.volume_type": "gp2",
                            "security_groups.#": "1",
                            "security_groups.3814588639": "default",
                            "source_dest_check": "true",
                            "subnet_id": "subnet-593e9e14",
                            "tags.%": "0",
                            "tenancy": "default",
                            "volume_tags.%": "0",
                            "vpc_security_group_ids.#": "1",
                            "vpc_security_group_ids.2657762490": "sg-a55e4ccd"
                        },
                        "meta": {
                            "e2bfb730-ecaa-11e6-8f88-34363bc7c4c0": {
                                "create": 600000000000,
                                "delete": 1200000000000,
                                "update": 600000000000
                            },
                            "schema_version": "1"
                        },
                        "tainted": false
                    },
                    "deposed": [],
                    "provider": "provider.aws"
                }
            },
            "depends_on": []
        }
    ]
}
